{
  "version": "5",
  "specifiers": {
    "jsr:@std/assert@1.0.19": "1.0.19",
    "jsr:@std/internal@^1.0.12": "1.0.12"
  },
  "jsr": {
    "@std/assert@1.0.19": {
      "integrity": "eaada96ee120cb980bc47e040f82814d786fe8162ecc53c91d8df60b8755991e",
      "dependencies": [
        "jsr:@std/internal"
      ]
    },
    "@std/internal@1.0.12": {
      "integrity": "972a634fd5bc34b242024402972cd5143eac68d8dffaca5eaa4dba30ce17b027"
    }
  },
  "redirects": {
    "https://esm.sh/preact@10": "https://esm.sh/preact@10.29.0",
    "https://esm.sh/react@18": "https://esm.sh/react@18.3.1"
  },
  "remote": {
    "https://esm.sh/preact@10.29.0": "ab0a2d83d903685d9d899a357f302f89a7a2616c8b3449f3d229b17cb673f0a5",
    "https://esm.sh/preact@10.29.0/denonext/preact.mjs": "a8381b8ae6391298439ec004d138a49487e60d232e364abadb59ed39deb50d22",
    "https://esm.sh/react@18.3.1": "336090fd1f03fdb9530dce4ac761717b5e1e1a630c775bac184ec4ee0809cf89",
    "https://esm.sh/react@18.3.1/denonext/react.mjs": "fec8d5ab4ffa55c8b563abc31060c3dc0205699aff20beec4aba0311efdcc1a0"
  },
  "workspace": {
    "dependencies": [
      "jsr:@std/assert@1.0.19"
    ]
  }
}
